
Microsoft Visual Studio Solution File, Format Version 12.00
# Visual Studio Version 16
VisualStudioVersion = 16.0.35130.168
MinimumVisualStudioVersion = 10.0.40219.1
Project("{FAE04EC0-301F-11D3-BF4B-00C04F79EFBC}") = "CapaVista", "CapaVista\CapaVista.csproj", "{4023DDBD-D1F1-4596-8262-0713C7EFFD9E}"
EndProject
Project("{FAE04EC0-301F-11D3-BF4B-00C04F79EFBC}") = "CapaModelo", "CapaModelo\CapaModelo.csproj", "{3C156E66-4F50-49C5-8709-6FE23D5AAF87}"
EndProject
Project("{FAE04EC0-301F-11D3-BF4B-00C04F79EFBC}") = "CapaControlador", "CapaControlador\CapaControlador.csproj", "{1E8D4263-85E8-407F-B764-40D05E56A526}"
EndProject
Global
	GlobalSection(SolutionConfigurationPlatforms) = preSolution
		Debug|Any CPU = Debug|Any CPU
		Release|Any CPU = Release|Any CPU
	EndGlobalSection
	GlobalSection(ProjectConfigurationPlatforms) = postSolution
		{4023DDBD-D1F1-4596-8262-0713C7EFFD9E}.Debug|Any CPU.ActiveCfg = Debug|Any CPU
		{4023DDBD-D1F1-4596-8262-0713C7EFFD9E}.Debug|Any CPU.Build.0 = Debug|Any CPU
		{4023DDBD-D1F1-4596-8262-0713C7EFFD9E}.Release|Any CPU.ActiveCfg = Release|Any CPU
		{4023DDBD-D1F1-4596-8262-0713C7EFFD9E}.Release|Any CPU.Build.0 = Release|Any CPU
		{3C156E66-4F50-49C5-8709-6FE23D5AAF87}.Debug|Any CPU.ActiveCfg = Debug|Any CPU
		{3C156E66-4F50-49C5-8709-6FE23D5AAF87}.Debug|Any CPU.Build.0 = Debug|Any CPU
		{3C156E66-4F50-49C5-8709-6FE23D5AAF87}.Release|Any CPU.ActiveCfg = Release|Any CPU
		{3C156E66-4F50-49C5-8709-6FE23D5AAF87}.Release|Any CPU.Build.0 = Release|Any CPU
		{1E8D4263-85E8-407F-B764-40D05E56A526}.Debug|Any CPU.ActiveCfg = Debug|Any CPU
		{1E8D4263-85E8-407F-B764-40D05E56A526}.Debug|Any CPU.Build.0 = Debug|Any CPU
		{1E8D4263-85E8-407F-B764-40D05E56A526}.Release|Any CPU.ActiveCfg = Release|Any CPU
		{1E8D4263-85E8-407F-B764-40D05E56A526}.Release|Any CPU.Build.0 = Release|Any CPU
	EndGlobalSection
	GlobalSection(SolutionProperties) = preSolution
		HideSolutionNode = FALSE
	EndGlobalSection
	GlobalSection(ExtensibilityGlobals) = postSolution
		SolutionGuid = {23389C68-728E-47E9-8DF9-20CC50E05AEE}
	EndGlobalSection
EndGlobal
